
Microsoft Visual Studio Solution File, Format Version 12.00
# Visual Studio 2012
Project("{FAE04EC0-301F-11D3-BF4B-00C04F79EFBC}") = "SimpleApp.Client", "SimpleApp.Client\SimpleApp.Client.csproj", "{DC820DBB-C269-4425-8E5B-5B501720D617}"
EndProject
Project("{FAE04EC0-301F-11D3-BF4B-00C04F79EFBC}") = "SimpleApp.Client.ServiceModel", "SimpleApp.Client.ServiceModel\SimpleApp.Client.ServiceModel.csproj", "{A16910AD-8A36-4845-AA70-B2D66FD42497}"
EndProject
Global
	GlobalSection(SolutionConfigurationPlatforms) = preSolution
		Debug|Any CPU = Debug|Any CPU
		Release|Any CPU = Release|Any CPU
	EndGlobalSection
	GlobalSection(ProjectConfigurationPlatforms) = postSolution
		{DC820DBB-C269-4425-8E5B-5B501720D617}.Debug|Any CPU.ActiveCfg = Debug|Any CPU
		{DC820DBB-C269-4425-8E5B-5B501720D617}.Debug|Any CPU.Build.0 = Debug|Any CPU
		{DC820DBB-C269-4425-8E5B-5B501720D617}.Release|Any CPU.ActiveCfg = Release|Any CPU
		{DC820DBB-C269-4425-8E5B-5B501720D617}.Release|Any CPU.Build.0 = Release|Any CPU
		{A16910AD-8A36-4845-AA70-B2D66FD42497}.Debug|Any CPU.ActiveCfg = Debug|Any CPU
		{A16910AD-8A36-4845-AA70-B2D66FD42497}.Debug|Any CPU.Build.0 = Debug|Any CPU
		{A16910AD-8A36-4845-AA70-B2D66FD42497}.Release|Any CPU.ActiveCfg = Release|Any CPU
		{A16910AD-8A36-4845-AA70-B2D66FD42497}.Release|Any CPU.Build.0 = Release|Any CPU
	EndGlobalSection
	GlobalSection(SolutionProperties) = preSolution
		HideSolutionNode = FALSE
	EndGlobalSection
EndGlobal
